// !$*UTF8*$!
{
	archiveVersion = 1;
	classes = {
	};
	objectVersion = 48;
	objects = {

/* Begin PBXBuildFile section */
		8826247A2011E7F2007736A8 /* AppDelegate.swift in Sources */ = {isa = PBXBuildFile; fileRef = 882624792011E7F2007736A8 /* AppDelegate.swift */; };
		8826247F2011E7F2007736A8 /* Main.storyboard in Resources */ = {isa = PBXBuildFile; fileRef = 8826247D2011E7F2007736A8 /* Main.storyboard */; };
		882624812011E7F2007736A8 /* Assets.xcassets in Resources */ = {isa = PBXBuildFile; fileRef = 882624802011E7F2007736A8 /* Assets.xcassets */; };
		882624842011E7F2007736A8 /* LaunchScreen.storyboard in Resources */ = {isa = PBXBuildFile; fileRef = 882624822011E7F2007736A8 /* LaunchScreen.storyboard */; };
/* End PBXBuildFile section */

/* Begin PBXFileReference section */
		882624762011E7F2007736A8 /* DouYuTV.app */ = {isa = PBXFileReference; explicitFileType = wrapper.application; includeInIndex = 0; path = DouYuTV.app; sourceTree = BUILT_PRODUCTS_DIR; };
		882624792011E7F2007736A8 /* AppDelegate.swift */ = {isa = PBXFileReference; lastKnownFileType = sourcecode.swift; path = AppDelegate.swift; sourceTree = "<group>"; };
		8826247E2011E7F2007736A8 /* Base */ = {isa = PBXFileReference; lastKnownFileType = file.storyboard; name = Base; path = Base.lproj/Main.storyboard; sourceTree = "<group>"; };
		882624802011E7F2007736A8 /* Assets.xcassets */ = {isa = PBXFileReference; lastKnownFileType = folder.assetcatalog; path = Assets.xcassets; sourceTree = "<group>"; };
		882624832011E7F2007736A8 /* Base */ = {isa = PBXFileReference; lastKnownFileType = file.storyboard; name = Base; path = Base.lproj/LaunchScreen.storyboard; sourceTree = "<group>"; };
		882624852011E7F2007736A8 /* Info.plist */ = {isa = PBXFileReference; lastKnownFileType = text.plist.xml; path = Info.plist; sourceTree = "<group>"; };
/* End PBXFileReference section */

/* Begin PBXFrameworksBuildPhase section */
		882624732011E7F1007736A8 /* Frameworks */ = {
			isa = PBXFrameworksBuildPhase;
			buildActionMask = 2147483647;
			files = (
			);
			runOnlyForDeploymentPostprocessing = 0;
		};
/* End PBXFrameworksBuildPhase section */

/* Begin PBXGroup section */
		8826246D2011E7F1007736A8 = {
			isa = PBXGroup;
			children = (
				882624782011E7F2007736A8 /* DouYuTV */,
				882624772011E7F2007736A8 /* Products */,
			);
			sourceTree = "<group>";
		};
		882624772011E7F2007736A8 /* Products */ = {
			isa = PBXGroup;
			children = (
				882624762011E7F2007736A8 /* DouYuTV.app */,
			);
			name = Products;
			sourceTree = "<group>";
		};
		882624782011E7F2007736A8 /* DouYuTV */ = {
			isa = PBXGroup;
			children = (
				88639EF12015FB2100FB0A9D /* Classes */,
				882624792011E7F2007736A8 /* AppDelegate.swift */,
				8826247D2011E7F2007736A8 /* Main.storyboard */,
				882624802011E7F2007736A8 /* Assets.xcassets */,
				882624822011E7F2007736A8 /* LaunchScreen.storyboard */,
				882624852011E7F2007736A8 /* Info.plist */,
			);
			path = DouYuTV;
			sourceTree = "<group>";
		};
		88639EF12015FB2100FB0A9D /* Classes */ = {
			isa = PBXGroup;
			children = (
				88639EF22015FB2100FB0A9D /* Home */,
				88639EF72015FB2100FB0A9D /* Tools */,
				88639EF92015FB2100FB0A9D /* Room */,
				88639F032015FB2100FB0A9D /* Follow */,
				88639F082015FB2100FB0A9D /* Profile */,
				88639F0D2015FB2100FB0A9D /* Main */,
			);
			path = Classes;
			sourceTree = "<group>";
		};
		88639EF22015FB2100FB0A9D /* Home */ = {
			isa = PBXGroup;
			children = (
				88639EF32015FB2100FB0A9D /* ViewModel */,
				88639EF42015FB2100FB0A9D /* Controller */,
				88639EF52015FB2100FB0A9D /* Model */,
				88639EF62015FB2100FB0A9D /* View */,
			);
			path = Home;
			sourceTree = "<group>";
		};
		88639EF32015FB2100FB0A9D /* ViewModel */ = {
			isa = PBXGroup;
			children = (
			);
			path = ViewModel;
			sourceTree = "<group>";
		};
		88639EF42015FB2100FB0A9D /* Controller */ = {
			isa = PBXGroup;
			children = (
			);
			path = Controller;
			sourceTree = "<group>";
		};
		88639EF52015FB2100FB0A9D /* Model */ = {
			isa = PBXGroup;
			children = (
			);
			path = Model;
			sourceTree = "<group>";
		};
		88639EF62015FB2100FB0A9D /* View */ = {
			isa = PBXGroup;
			children = (
			);
			path = View;
			sourceTree = "<group>";
		};
		88639EF72015FB2100FB0A9D /* Tools */ = {
			isa = PBXGroup;
			children = (
				88639EF82015FB2100FB0A9D /* Extension */,
			);
			path = Tools;
			sourceTree = "<group>";
		};
		88639EF82015FB2100FB0A9D /* Extension */ = {
			isa = PBXGroup;
			children = (
			);
			path = Extension;
			sourceTree = "<group>";
		};
		88639EF92015FB2100FB0A9D /* Room */ = {
			isa = PBXGroup;
			children = (
				88639EFA2015FB2100FB0A9D /* ViewModel */,
				88639EFB2015FB2100FB0A9D /* Controller */,
				88639EFC2015FB2100FB0A9D /* Model */,
				88639EFD2015FB2100FB0A9D /* View */,
				88639EFE2015FB2100FB0A9D /* Main */,
			);
			path = Room;
			sourceTree = "<group>";
		};
		88639EFA2015FB2100FB0A9D /* ViewModel */ = {
			isa = PBXGroup;
			children = (
			);
			path = ViewModel;
			sourceTree = "<group>";
		};
		88639EFB2015FB2100FB0A9D /* Controller */ = {
			isa = PBXGroup;
			children = (
			);
			path = Controller;
			sourceTree = "<group>";
		};
		88639EFC2015FB2100FB0A9D /* Model */ = {
			isa = PBXGroup;
			children = (
			);
			path = Model;
			sourceTree = "<group>";
		};
		88639EFD2015FB2100FB0A9D /* View */ = {
			isa = PBXGroup;
			children = (
			);
			path = View;
			sourceTree = "<group>";
		};
		88639EFE2015FB2100FB0A9D /* Main */ = {
			isa = PBXGroup;
			children = (
				88639EFF2015FB2100FB0A9D /* ViewModel */,
				88639F002015FB2100FB0A9D /* Controller */,
				88639F012015FB2100FB0A9D /* Model */,
				88639F022015FB2100FB0A9D /* View */,
			);
			path = Main;
			sourceTree = "<group>";
		};
		88639EFF2015FB2100FB0A9D /* ViewModel */ = {
			isa = PBXGroup;
			children = (
			);
			path = ViewModel;
			sourceTree = "<group>";
		};
		88639F002015FB2100FB0A9D /* Controller */ = {
			isa = PBXGroup;
			children = (
			);
			path = Controller;
			sourceTree = "<group>";
		};
		88639F012015FB2100FB0A9D /* Model */ = {
			isa = PBXGroup;
			children = (
			);
			path = Model;
			sourceTree = "<group>";
		};
		88639F022015FB2100FB0A9D /* View */ = {
			isa = PBXGroup;
			children = (
			);
			path = View;
			sourceTree = "<group>";
		};
		88639F032015FB2100FB0A9D /* Follow */ = {
			isa = PBXGroup;
			children = (
				88639F042015FB2100FB0A9D /* ViewModel */,
				88639F052015FB2100FB0A9D /* Controller */,
				88639F062015FB2100FB0A9D /* Model */,
				88639F072015FB2100FB0A9D /* View */,
			);
			path = Follow;
			sourceTree = "<group>";
		};
		88639F042015FB2100FB0A9D /* ViewModel */ = {
			isa = PBXGroup;
			children = (
			);
			path = ViewModel;
			sourceTree = "<group>";
		};
		88639F052015FB2100FB0A9D /* Controller */ = {
			isa = PBXGroup;
			children = (
			);
			path = Controller;
			sourceTree = "<group>";
		};
		88639F062015FB2100FB0A9D /* Model */ = {
			isa = PBXGroup;
			children = (
			);
			path = Model;
			sourceTree = "<group>";
		};
		88639F072015FB2100FB0A9D /* View */ = {
			isa = PBXGroup;
			children = (
			);
			path = View;
			sourceTree = "<group>";
		};
		88639F082015FB2100FB0A9D /* Profile */ = {
			isa = PBXGroup;
			children = (
				88639F092015FB2100FB0A9D /* ViewModel */,
				88639F0A2015FB2100FB0A9D /* Controller */,
				88639F0B2015FB2100FB0A9D /* Model */,
				88639F0C2015FB2100FB0A9D /* View */,
			);
			path = Profile;
			sourceTree = "<group>";
		};
		88639F092015FB2100FB0A9D /* ViewModel */ = {
			isa = PBXGroup;
			children = (
			);
			path = ViewModel;
			sourceTree = "<group>";
		};
		88639F0A2015FB2100FB0A9D /* Controller */ = {
			isa = PBXGroup;
			children = (
			);
			path = Controller;
			sourceTree = "<group>";
		};
		88639F0B2015FB2100FB0A9D /* Model */ = {
			isa = PBXGroup;
			children = (
			);
			path = Model;
			sourceTree = "<group>";
		};
		88639F0C2015FB2100FB0A9D /* View */ = {
			isa = PBXGroup;
			children = (
			);
			path = View;
			sourceTree = "<group>";
		};
		88639F0D2015FB2100FB0A9D /* Main */ = {
			isa = PBXGroup;
			children = (
				88639F0E2015FB2100FB0A9D /* ViewModel */,
				88639F0F2015FB2100FB0A9D /* Controller */,
				88639F102015FB2100FB0A9D /* Model */,
				88639F112015FB2100FB0A9D /* View */,
			);
			path = Main;
			sourceTree = "<group>";
		};
		88639F0E2015FB2100FB0A9D /* ViewModel */ = {
			isa = PBXGroup;
			children = (
			);
			path = ViewModel;
			sourceTree = "<group>";
		};
		88639F0F2015FB2100FB0A9D /* Controller */ = {
			isa = PBXGroup;
			children = (
			);
			path = Controller;
			sourceTree = "<group>";
		};
		88639F102015FB2100FB0A9D /* Model */ = {
			isa = PBXGroup;
			children = (
			);
			path = Model;
			sourceTree = "<group>";
		};
		88639F112015FB2100FB0A9D /* View */ = {
			isa = PBXGroup;
			children = (
			);
			path = View;
			sourceTree = "<group>";
		};
/* End PBXGroup section */

/* Begin PBXNativeTarget section */
		882624752011E7F1007736A8 /* DouYuTV */ = {
			isa = PBXNativeTarget;
			buildConfigurationList = 882624882011E7F2007736A8 /* Build configuration list for PBXNativeTarget "DouYuTV" */;
			buildPhases = (
				882624722011E7F1007736A8 /* Sources */,
				882624732011E7F1007736A8 /* Frameworks */,
				882624742011E7F1007736A8 /* Resources */,
			);
			buildRules = (
			);
			dependencies = (
			);
			name = DouYuTV;
			productName = DouYuTV;
			productReference = 882624762011E7F2007736A8 /* DouYuTV.app */;
			productType = "com.apple.product-type.application";
		};
/* End PBXNativeTarget section */

/* Begin PBXProject section */
		8826246E2011E7F1007736A8 /* Project object */ = {
			isa = PBXProject;
			attributes = {
				LastSwiftUpdateCheck = 0910;
				LastUpgradeCheck = 0910;
				ORGANIZATIONNAME = Fsociety;
				TargetAttributes = {
					882624752011E7F1007736A8 = {
						CreatedOnToolsVersion = 9.1;
						ProvisioningStyle = Automatic;
					};
				};
			};
			buildConfigurationList = 882624712011E7F1007736A8 /* Build configuration list for PBXProject "DouYuTV" */;
			compatibilityVersion = "Xcode 8.0";
			developmentRegion = en;
			hasScannedForEncodings = 0;
			knownRegions = (
				en,
				Base,
			);
			mainGroup = 8826246D2011E7F1007736A8;
			productRefGroup = 882624772011E7F2007736A8 /* Products */;
			projectDirPath = "";
			projectRoot = "";
			targets = (
				882624752011E7F1007736A8 /* DouYuTV */,
			);
		};
/* End PBXProject section */

/* Begin PBXResourcesBuildPhase section */
		882624742011E7F1007736A8 /* Resources */ = {
			isa = PBXResourcesBuildPhase;
			buildActionMask = 2147483647;
			files = (
				882624842011E7F2007736A8 /* LaunchScreen.storyboard in Resources */,
				882624812011E7F2007736A8 /* Assets.xcassets in Resources */,
				8826247F2011E7F2007736A8 /* Main.storyboard in Resources */,
			);
			runOnlyForDeploymentPostprocessing = 0;
		};
/* End PBXResourcesBuildPhase section */

/* Begin PBXSourcesBuildPhase section */
		882624722011E7F1007736A8 /* Sources */ = {
			isa = PBXSourcesBuildPhase;
			buildActionMask = 2147483647;
			files = (
				8826247A2011E7F2007736A8 /* AppDelegate.swift in Sources */,
			);
			runOnlyForDeploymentPostprocessing = 0;
		};
/* End PBXSourcesBuildPhase section */

/* Begin PBXVariantGroup section */
		8826247D2011E7F2007736A8 /* Main.storyboard */ = {
			isa = PBXVariantGroup;
			children = (
				8826247E2011E7F2007736A8 /* Base */,
			);
			name = Main.storyboard;
			sourceTree = "<group>";
		};
		882624822011E7F2007736A8 /* LaunchScreen.storyboard */ = {
			isa = PBXVariantGroup;
			children = (
				882624832011E7F2007736A8 /* Base */,
			);
			name = LaunchScreen.storyboard;
			sourceTree = "<group>";
		};
/* End PBXVariantGroup section */

/* Begin XCBuildConfiguration section */
		882624862011E7F2007736A8 /* Debug */ = {
			isa = XCBuildConfiguration;
			buildSettings = {
				ALWAYS_SEARCH_USER_PATHS = NO;
				CLANG_ANALYZER_NONNULL = YES;
				CLANG_ANALYZER_NUMBER_OBJECT_CONVERSION = YES_AGGRESSIVE;
				CLANG_CXX_LANGUAGE_STANDARD = "gnu++14";
				CLANG_CXX_LIBRARY = "libc++";
				CLANG_ENABLE_MODULES = YES;
				CLANG_ENABLE_OBJC_ARC = YES;
				CLANG_WARN_BLOCK_CAPTURE_AUTORELEASING = YES;
				CLANG_WARN_BOOL_CONVERSION = YES;
				CLANG_WARN_COMMA = YES;
				CLANG_WARN_CONSTANT_CONVERSION = YES;
				CLANG_WARN_DIRECT_OBJC_ISA_USAGE = YES_ERROR;
				CLANG_WARN_DOCUMENTATION_COMMENTS = YES;
				CLANG_WARN_EMPTY_BODY = YES;
				CLANG_WARN_ENUM_CONVERSION = YES;
				CLANG_WARN_INFINITE_RECURSION = YES;
				CLANG_WARN_INT_CONVERSION = YES;
				CLANG_WARN_NON_LITERAL_NULL_CONVERSION = YES;
				CLANG_WARN_OBJC_LITERAL_CONVERSION = YES;
				CLANG_WARN_OBJC_ROOT_CLASS = YES_ERROR;
				CLANG_WARN_RANGE_LOOP_ANALYSIS = YES;
				CLANG_WARN_STRICT_PROTOTYPES = YES;
				CLANG_WARN_SUSPICIOUS_MOVE = YES;
				CLANG_WARN_UNGUARDED_AVAILABILITY = YES_AGGRESSIVE;
				CLANG_WARN_UNREACHABLE_CODE = YES;
				CLANG_WARN__DUPLICATE_METHOD_MATCH = YES;
				CODE_SIGN_IDENTITY = "iPhone Developer";
				COPY_PHASE_STRIP = NO;
				DEBUG_INFORMATION_FORMAT = dwarf;
				ENABLE_STRICT_OBJC_MSGSEND = YES;
				ENABLE_TESTABILITY = YES;
				GCC_C_LANGUAGE_STANDARD = gnu11;
				GCC_DYNAMIC_NO_PIC = NO;
				GCC_NO_COMMON_BLOCKS = YES;
				GCC_OPTIMIZATION_LEVEL = 0;
				GCC_PREPROCESSOR_DEFINITIONS = (
					"DEBUG=1",
					"$(inherited)",
				);
				GCC_WARN_64_TO_32_BIT_CONVERSION = YES;
				GCC_WARN_ABOUT_RETURN_TYPE = YES_ERROR;
				GCC_WARN_UNDECLARED_SELECTOR = YES;
				GCC_WARN_UNINITIALIZED_AUTOS = YES_AGGRESSIVE;
				GCC_WARN_UNUSED_FUNCTION = YES;
				GCC_WARN_UNUSED_VARIABLE = YES;
				IPHONEOS_DEPLOYMENT_TARGET = 11.1;
				MTL_ENABLE_DEBUG_INFO = YES;
				ONLY_ACTIVE_ARCH = YES;
				SDKROOT = iphoneos;
				SWIFT_ACTIVE_COMPILATION_CONDITIONS = DEBUG;
				SWIFT_OPTIMIZATION_LEVEL = "-Onone";
			};
			name = Debug;
		};
		882624872011E7F2007736A8 /* Release */ = {
			isa = XCBuildConfiguration;
			buildSettings = {
				ALWAYS_SEARCH_USER_PATHS = NO;
				CLANG_ANALYZER_NONNULL = YES;
				CLANG_ANALYZER_NUMBER_OBJECT_CONVERSION = YES_AGGRESSIVE;
				CLANG_CXX_LANGUAGE_STANDARD = "gnu++14";
				CLANG_CXX_LIBRARY = "libc++";
				CLANG_ENABLE_MODULES = YES;
				CLANG_ENABLE_OBJC_ARC = YES;
				CLANG_WARN_BLOCK_CAPTURE_AUTORELEASING = YES;
				CLANG_WARN_BOOL_CONVERSION = YES;
				CLANG_WARN_COMMA = YES;
				CLANG_WARN_CONSTANT_CONVERSION = YES;
				CLANG_WARN_DIRECT_OBJC_ISA_USAGE = YES_ERROR;
				CLANG_WARN_DOCUMENTATION_COMMENTS = YES;
				CLANG_WARN_EMPTY_BODY = YES;
				CLANG_WARN_ENUM_CONVERSION = YES;
				CLANG_WARN_INFINITE_RECURSION = YES;
				CLANG_WARN_INT_CONVERSION = YES;
				CLANG_WARN_NON_LITERAL_NULL_CONVERSION = YES;
				CLANG_WARN_OBJC_LITERAL_CONVERSION = YES;
				CLANG_WARN_OBJC_ROOT_CLASS = YES_ERROR;
				CLANG_WARN_RANGE_LOOP_ANALYSIS = YES;
				CLANG_WARN_STRICT_PROTOTYPES = YES;
				CLANG_WARN_SUSPICIOUS_MOVE = YES;
				CLANG_WARN_UNGUARDED_AVAILABILITY = YES_AGGRESSIVE;
				CLANG_WARN_UNREACHABLE_CODE = YES;
				CLANG_WARN__DUPLICATE_METHOD_MATCH = YES;
				CODE_SIGN_IDENTITY = "iPhone Developer";
				COPY_PHASE_STRIP = NO;
				DEBUG_INFORMATION_FORMAT = "dwarf-with-dsym";
				ENABLE_NS_ASSERTIONS = NO;
				ENABLE_STRICT_OBJC_MSGSEND = YES;
				GCC_C_LANGUAGE_STANDARD = gnu11;
				GCC_NO_COMMON_BLOCKS = YES;
				GCC_WARN_64_TO_32_BIT_CONVERSION = YES;
				GCC_WARN_ABOUT_RETURN_TYPE = YES_ERROR;
				GCC_WARN_UNDECLARED_SELECTOR = YES;
				GCC_WARN_UNINITIALIZED_AUTOS = YES_AGGRESSIVE;
				GCC_WARN_UNUSED_FUNCTION = YES;
				GCC_WARN_UNUSED_VARIABLE = YES;
				IPHONEOS_DEPLOYMENT_TARGET = 11.1;
				MTL_ENABLE_DEBUG_INFO = NO;
				SDKROOT = iphoneos;
				SWIFT_OPTIMIZATION_LEVEL = "-Owholemodule";
				VALIDATE_PRODUCT = YES;
			};
			name = Release;
		};
		882624892011E7F2007736A8 /* Debug */ = {
			isa = XCBuildConfiguration;
			buildSettings = {
				ASSETCATALOG_COMPILER_APPICON_NAME = AppIcon;
				ASSETCATALOG_COMPILER_LAUNCHIMAGE_NAME = LaunchImage;
				CODE_SIGN_STYLE = Automatic;
				INFOPLIST_FILE = DouYuTV/Info.plist;
				IPHONEOS_DEPLOYMENT_TARGET = 9.0;
				LD_RUNPATH_SEARCH_PATHS = "$(inherited) @executable_path/Frameworks";
				PRODUCT_BUNDLE_IDENTIFIER = com.yonyou.princemei.DouYuTV;
				PRODUCT_NAME = "$(TARGET_NAME)";
				SWIFT_VERSION = 4.0;
				TARGETED_DEVICE_FAMILY = "1,2";
			};
			name = Debug;
		};
		8826248A2011E7F2007736A8 /* Release */ = {
			isa = XCBuildConfiguration;
			buildSettings = {
				ASSETCATALOG_COMPILER_APPICON_NAME = AppIcon;
				ASSETCATALOG_COMPILER_LAUNCHIMAGE_NAME = LaunchImage;
				CODE_SIGN_STYLE = Automatic;
				INFOPLIST_FILE = DouYuTV/Info.plist;
				IPHONEOS_DEPLOYMENT_TARGET = 9.0;
				LD_RUNPATH_SEARCH_PATHS = "$(inherited) @executable_path/Frameworks";
				PRODUCT_BUNDLE_IDENTIFIER = com.yonyou.princemei.DouYuTV;
				PRODUCT_NAME = "$(TARGET_NAME)";
				SWIFT_VERSION = 4.0;
				TARGETED_DEVICE_FAMILY = "1,2";
			};
			name = Release;
		};
/* End XCBuildConfiguration section */

/* Begin XCConfigurationList section */
		882624712011E7F1007736A8 /* Build configuration list for PBXProject "DouYuTV" */ = {
			isa = XCConfigurationList;
			buildConfigurations = (
				882624862011E7F2007736A8 /* Debug */,
				882624872011E7F2007736A8 /* Release */,
			);
			defaultConfigurationIsVisible = 0;
			defaultConfigurationName = Release;
		};
		882624882011E7F2007736A8 /* Build configuration list for PBXNativeTarget "DouYuTV" */ = {
			isa = XCConfigurationList;
			buildConfigurations = (
				882624892011E7F2007736A8 /* Debug */,
				8826248A2011E7F2007736A8 /* Release */,
			);
			defaultConfigurationIsVisible = 0;
			defaultConfigurationName = Release;
		};
/* End XCConfigurationList section */
	};
	rootObject = 8826246E2011E7F1007736A8 /* Project object */;
}
